
Microsoft Visual Studio Solution File, Format Version 12.00
# Visual Studio 15
VisualStudioVersion = 15.0.26430.14
MinimumVisualStudioVersion = 10.0.40219.1
Project("{151D2E53-A2C4-4D7D-83FE-D05416EBD58E}") = "vmcreation", "vmcreation\vmcreation.deployproj", "{F5ABD0FF-8D77-40BC-90EA-A5F0D5BF15C0}"
EndProject
Global
	GlobalSection(SolutionConfigurationPlatforms) = preSolution
		Debug|Any CPU = Debug|Any CPU
		Release|Any CPU = Release|Any CPU
	EndGlobalSection
	GlobalSection(ProjectConfigurationPlatforms) = postSolution
		{F5ABD0FF-8D77-40BC-90EA-A5F0D5BF15C0}.Debug|Any CPU.ActiveCfg = Debug|Any CPU
		{F5ABD0FF-8D77-40BC-90EA-A5F0D5BF15C0}.Debug|Any CPU.Build.0 = Debug|Any CPU
		{F5ABD0FF-8D77-40BC-90EA-A5F0D5BF15C0}.Release|Any CPU.ActiveCfg = Release|Any CPU
		{F5ABD0FF-8D77-40BC-90EA-A5F0D5BF15C0}.Release|Any CPU.Build.0 = Release|Any CPU
	EndGlobalSection
	GlobalSection(SolutionProperties) = preSolution
		HideSolutionNode = FALSE
	EndGlobalSection
EndGlobal
